# This file is automatically @generated by Cargo.
# It is not intended for manual editing.
version = 3

[[package]]
name = "pkpd-saem"
version = "0.1.0"
dependencies = [
 "anyhow",
 "approx",
 "clap",
 "criterion",
 "csv",
 "env_logger",
 "log",
 "nalgebra",
 "ndarray",
 "plotters",
 "rand",
 "rand_distr",
 "rayon",
 "serde",
 "serde_json",
 "thiserror",
]